
Microsoft Visual Studio Solution File, Format Version 12.00
# Visual Studio Version 17
VisualStudioVersion = 17.1.32210.238
MinimumVisualStudioVersion = 10.0.40219.1
Project("{2150E333-8FDC-42A3-9474-1A3956D46DE8}") = "Solution Items", "Solution Items", "{F8FEE080-7A98-4603-BA71-7F484104B802}"
	ProjectSection(SolutionItems) = preProject
		..\.gitignore = ..\.gitignore
	EndProjectSection
EndProject
Project("{9A19103F-16F7-4668-BE54-9A1E7A4F7556}") = "MediaRebot", "MediaRebot\MediaRebot.csproj", "{BA269C25-A00C-4E67-84FB-F187C0D45CCD}"
EndProject
Global
	GlobalSection(SolutionConfigurationPlatforms) = preSolution
		Debug|Any CPU = Debug|Any CPU
		Release|Any CPU = Release|Any CPU
	EndGlobalSection
	GlobalSection(ProjectConfigurationPlatforms) = postSolution
		{BA269C25-A00C-4E67-84FB-F187C0D45CCD}.Debug|Any CPU.ActiveCfg = Debug|Any CPU
		{BA269C25-A00C-4E67-84FB-F187C0D45CCD}.Debug|Any CPU.Build.0 = Debug|Any CPU
		{BA269C25-A00C-4E67-84FB-F187C0D45CCD}.Release|Any CPU.ActiveCfg = Release|Any CPU
		{BA269C25-A00C-4E67-84FB-F187C0D45CCD}.Release|Any CPU.Build.0 = Release|Any CPU
	EndGlobalSection
	GlobalSection(SolutionProperties) = preSolution
		HideSolutionNode = FALSE
	EndGlobalSection
	GlobalSection(ExtensibilityGlobals) = postSolution
		SolutionGuid = {3DD9EC4E-4EB3-4C5E-86DF-E65515CBA89F}
	EndGlobalSection
EndGlobal
